// !$*UTF8*$!
{
	archiveVersion = 1;
	classes = {
	};
	objectVersion = 46;
	objects = {

/* Begin PBXBuildFile section */
		371E084E1C06B89600452F40 /* Alamofire.framework in Frameworks */ = {isa = PBXBuildFile; fileRef = 371E084A1C06B51700452F40 /* Alamofire.framework */; };
		371E084F1C06B89600452F40 /* Alamofire.framework in Embed Frameworks */ = {isa = PBXBuildFile; fileRef = 371E084A1C06B51700452F40 /* Alamofire.framework */; settings = {ATTRIBUTES = (CodeSignOnCopy, RemoveHeadersOnCopy, ); }; };
		371E08501C06B89600452F40 /* AlamofireImage.framework in Frameworks */ = {isa = PBXBuildFile; fileRef = 371E084B1C06B51700452F40 /* AlamofireImage.framework */; };
		371E08511C06B89600452F40 /* AlamofireImage.framework in Embed Frameworks */ = {isa = PBXBuildFile; fileRef = 371E084B1C06B51700452F40 /* AlamofireImage.framework */; settings = {ATTRIBUTES = (CodeSignOnCopy, RemoveHeadersOnCopy, ); }; };
		372AF42A1C04E1A500A1148B /* RegisterVC.swift in Sources */ = {isa = PBXBuildFile; fileRef = 372AF4291C04E1A500A1148B /* RegisterVC.swift */; };
		374F9C681C076D40007B9553 /* ParentGameVC.swift in Sources */ = {isa = PBXBuildFile; fileRef = 374F9C671C076D40007B9553 /* ParentGameVC.swift */; };
		374F9C6A1C077481007B9553 /* AchievementsVC.swift in Sources */ = {isa = PBXBuildFile; fileRef = 374F9C691C077481007B9553 /* AchievementsVC.swift */; };
		3753E5931C028CA000931FFF /* GameInfoVC.swift in Sources */ = {isa = PBXBuildFile; fileRef = 3753E5921C028CA000931FFF /* GameInfoVC.swift */; };
		3753E5951C02ABA100931FFF /* GameInfoTVCC.swift in Sources */ = {isa = PBXBuildFile; fileRef = 3753E5941C02ABA100931FFF /* GameInfoTVCC.swift */; };
		37846AC61C0EA8B0003916C8 /* GameTVCC.swift in Sources */ = {isa = PBXBuildFile; fileRef = 37846AC51C0EA8B0003916C8 /* GameTVCC.swift */; };
		37983D9F1C06907900AD780F /* UIColorExtensions.swift in Sources */ = {isa = PBXBuildFile; fileRef = 37983D9E1C06907900AD780F /* UIColorExtensions.swift */; };
		37A5F1381C00D18C00DE3DC1 /* AppDelegate.swift in Sources */ = {isa = PBXBuildFile; fileRef = 37A5F1371C00D18B00DE3DC1 /* AppDelegate.swift */; };
		37A5F13D1C00D18C00DE3DC1 /* Main.storyboard in Resources */ = {isa = PBXBuildFile; fileRef = 37A5F13B1C00D18C00DE3DC1 /* Main.storyboard */; };
		37A5F1421C00D18C00DE3DC1 /* LaunchScreen.storyboard in Resources */ = {isa = PBXBuildFile; fileRef = 37A5F1401C00D18C00DE3DC1 /* LaunchScreen.storyboard */; };
		37A5F1611C00D28D00DE3DC1 /* Bolts.framework in Frameworks */ = {isa = PBXBuildFile; fileRef = 37A5F15B1C00D28D00DE3DC1 /* Bolts.framework */; };
		37A5F1621C00D28D00DE3DC1 /* Parse.framework in Frameworks */ = {isa = PBXBuildFile; fileRef = 37A5F15C1C00D28D00DE3DC1 /* Parse.framework */; };
		37A5F1631C00D28D00DE3DC1 /* ParseFacebookUtils.framework in Frameworks */ = {isa = PBXBuildFile; fileRef = 37A5F15D1C00D28D00DE3DC1 /* ParseFacebookUtils.framework */; };
		37A5F1641C00D28D00DE3DC1 /* ParseFacebookUtilsV4.framework in Frameworks */ = {isa = PBXBuildFile; fileRef = 37A5F15E1C00D28D00DE3DC1 /* ParseFacebookUtilsV4.framework */; };
		37A5F1651C00D28D00DE3DC1 /* ParseTwitterUtils.framework in Frameworks */ = {isa = PBXBuildFile; fileRef = 37A5F15F1C00D28D00DE3DC1 /* ParseTwitterUtils.framework */; };
		37A5F1661C00D28D00DE3DC1 /* ParseUI.framework in Frameworks */ = {isa = PBXBuildFile; fileRef = 37A5F1601C00D28D00DE3DC1 /* ParseUI.framework */; };
		37A5F1681C00D2BF00DE3DC1 /* AudioToolbox.framework in Frameworks */ = {isa = PBXBuildFile; fileRef = 37A5F1671C00D2BF00DE3DC1 /* AudioToolbox.framework */; };
		37A5F16A1C00D2C800DE3DC1 /* CFNetwork.framework in Frameworks */ = {isa = PBXBuildFile; fileRef = 37A5F1691C00D2C800DE3DC1 /* CFNetwork.framework */; };
		37A5F16C1C00D2D800DE3DC1 /* CoreGraphics.framework in Frameworks */ = {isa = PBXBuildFile; fileRef = 37A5F16B1C00D2D800DE3DC1 /* CoreGraphics.framework */; };
		37A5F16E1C00D2E100DE3DC1 /* CoreLocation.framework in Frameworks */ = {isa = PBXBuildFile; fileRef = 37A5F16D1C00D2E100DE3DC1 /* CoreLocation.framework */; };
		37A5F1701C00D2EC00DE3DC1 /* QuartzCore.framework in Frameworks */ = {isa = PBXBuildFile; fileRef = 37A5F16F1C00D2EC00DE3DC1 /* QuartzCore.framework */; };
		37A5F1721C00D2F300DE3DC1 /* Security.framework in Frameworks */ = {isa = PBXBuildFile; fileRef = 37A5F1711C00D2F300DE3DC1 /* Security.framework */; };
		37A5F1741C00D2FA00DE3DC1 /* StoreKit.framework in Frameworks */ = {isa = PBXBuildFile; fileRef = 37A5F1731C00D2FA00DE3DC1 /* StoreKit.framework */; };
		37A5F1761C00D30200DE3DC1 /* SystemConfiguration.framework in Frameworks */ = {isa = PBXBuildFile; fileRef = 37A5F1751C00D30200DE3DC1 /* SystemConfiguration.framework */; };
		37A5F1781C00D31700DE3DC1 /* Accounts.framework in Frameworks */ = {isa = PBXBuildFile; fileRef = 37A5F1771C00D31700DE3DC1 /* Accounts.framework */; };
		37A5F17A1C00D31F00DE3DC1 /* Social.framework in Frameworks */ = {isa = PBXBuildFile; fileRef = 37A5F1791C00D31F00DE3DC1 /* Social.framework */; };
		37A5F17C1C00D32800DE3DC1 /* libz.tbd in Frameworks */ = {isa = PBXBuildFile; fileRef = 37A5F17B1C00D32800DE3DC1 /* libz.tbd */; };
		37A5F17E1C00D33100DE3DC1 /* libsqlite3.tbd in Frameworks */ = {isa = PBXBuildFile; fileRef = 37A5F17D1C00D33100DE3DC1 /* libsqlite3.tbd */; };
		37A5F1831C00F7A600DE3DC1 /* UIImageExtensions.swift in Sources */ = {isa = PBXBuildFile; fileRef = 37A5F1821C00F7A600DE3DC1 /* UIImageExtensions.swift */; };
		37A5F1861C01106F00DE3DC1 /* LatestAchievementsTVC.swift in Sources */ = {isa = PBXBuildFile; fileRef = 37A5F1851C01106F00DE3DC1 /* LatestAchievementsTVC.swift */; };
		37A5F1EE1C01501700DE3DC1 /* UIViewExtensions.swift in Sources */ = {isa = PBXBuildFile; fileRef = 37A5F1ED1C01501700DE3DC1 /* UIViewExtensions.swift */; };
		37E971D71C023D900076800B /* Assets.xcassets in Resources */ = {isa = PBXBuildFile; fileRef = 37E971D61C023D900076800B /* Assets.xcassets */; };
		37E971DB1C0245300076800B /* LoginVC.swift in Sources */ = {isa = PBXBuildFile; fileRef = 37E971DA1C0245300076800B /* LoginVC.swift */; };
		37F1B98C1C0BB62600B242E9 /* Common.swift in Sources */ = {isa = PBXBuildFile; fileRef = 37F1B98B1C0BB62600B242E9 /* Common.swift */; };
		37F1B98F1C0BC46D00B242E9 /* ParseHandler.swift in Sources */ = {isa = PBXBuildFile; fileRef = 37F1B98E1C0BC46D00B242E9 /* ParseHandler.swift */; };
/* End PBXBuildFile section */

/* Begin PBXCopyFilesBuildPhase section */
		371E08521C06B89600452F40 /* Embed Frameworks */ = {
			isa = PBXCopyFilesBuildPhase;
			buildActionMask = 2147483647;
			dstPath = "";
			dstSubfolderSpec = 10;
			files = (
				371E084F1C06B89600452F40 /* Alamofire.framework in Embed Frameworks */,
				371E08511C06B89600452F40 /* AlamofireImage.framework in Embed Frameworks */,
			);
			name = "Embed Frameworks";
			runOnlyForDeploymentPostprocessing = 0;
		};
/* End PBXCopyFilesBuildPhase section */

/* Begin PBXFileReference section */
		371E084A1C06B51700452F40 /* Alamofire.framework */ = {isa = PBXFileReference; lastKnownFileType = wrapper.framework; name = Alamofire.framework; path = xchievements/Carthage/Build/iOS/Alamofire.framework; sourceTree = "<group>"; };
		371E084B1C06B51700452F40 /* AlamofireImage.framework */ = {isa = PBXFileReference; lastKnownFileType = wrapper.framework; name = AlamofireImage.framework; path = xchievements/Carthage/Build/iOS/AlamofireImage.framework; sourceTree = "<group>"; };
		372AF4291C04E1A500A1148B /* RegisterVC.swift */ = {isa = PBXFileReference; fileEncoding = 4; lastKnownFileType = sourcecode.swift; path = RegisterVC.swift; sourceTree = "<group>"; };
		374F9C671C076D40007B9553 /* ParentGameVC.swift */ = {isa = PBXFileReference; fileEncoding = 4; lastKnownFileType = sourcecode.swift; path = ParentGameVC.swift; sourceTree = "<group>"; };
		374F9C691C077481007B9553 /* AchievementsVC.swift */ = {isa = PBXFileReference; fileEncoding = 4; lastKnownFileType = sourcecode.swift; path = AchievementsVC.swift; sourceTree = "<group>"; };
		3753E5921C028CA000931FFF /* GameInfoVC.swift */ = {isa = PBXFileReference; fileEncoding = 4; lastKnownFileType = sourcecode.swift; path = GameInfoVC.swift; sourceTree = "<group>"; };
		3753E5941C02ABA100931FFF /* GameInfoTVCC.swift */ = {isa = PBXFileReference; fileEncoding = 4; lastKnownFileType = sourcecode.swift; path = GameInfoTVCC.swift; sourceTree = "<group>"; };
		37846AC51C0EA8B0003916C8 /* GameTVCC.swift */ = {isa = PBXFileReference; fileEncoding = 4; lastKnownFileType = sourcecode.swift; path = GameTVCC.swift; sourceTree = "<group>"; };
		37983D9E1C06907900AD780F /* UIColorExtensions.swift */ = {isa = PBXFileReference; fileEncoding = 4; lastKnownFileType = sourcecode.swift; path = UIColorExtensions.swift; sourceTree = "<group>"; };
		37A5F1341C00D18B00DE3DC1 /* xchievements.app */ = {isa = PBXFileReference; explicitFileType = wrapper.application; includeInIndex = 0; path = xchievements.app; sourceTree = BUILT_PRODUCTS_DIR; };
		37A5F1371C00D18B00DE3DC1 /* AppDelegate.swift */ = {isa = PBXFileReference; lastKnownFileType = sourcecode.swift; path = AppDelegate.swift; sourceTree = "<group>"; };
		37A5F13C1C00D18C00DE3DC1 /* Base */ = {isa = PBXFileReference; lastKnownFileType = file.storyboard; name = Base; path = Base.lproj/Main.storyboard; sourceTree = "<group>"; };
		37A5F1411C00D18C00DE3DC1 /* Base */ = {isa = PBXFileReference; lastKnownFileType = file.storyboard; name = Base; path = Base.lproj/LaunchScreen.storyboard; sourceTree = "<group>"; };
		37A5F1431C00D18C00DE3DC1 /* Info.plist */ = {isa = PBXFileReference; lastKnownFileType = text.plist.xml; path = Info.plist; sourceTree = "<group>"; };
		37A5F15B1C00D28D00DE3DC1 /* Bolts.framework */ = {isa = PBXFileReference; lastKnownFileType = wrapper.framework; path = Bolts.framework; sourceTree = "<group>"; };
		37A5F15C1C00D28D00DE3DC1 /* Parse.framework */ = {isa = PBXFileReference; lastKnownFileType = wrapper.framework; path = Parse.framework; sourceTree = "<group>"; };
		37A5F15D1C00D28D00DE3DC1 /* ParseFacebookUtils.framework */ = {isa = PBXFileReference; lastKnownFileType = wrapper.framework; path = ParseFacebookUtils.framework; sourceTree = "<group>"; };
		37A5F15E1C00D28D00DE3DC1 /* ParseFacebookUtilsV4.framework */ = {isa = PBXFileReference; lastKnownFileType = wrapper.framework; path = ParseFacebookUtilsV4.framework; sourceTree = "<group>"; };
		37A5F15F1C00D28D00DE3DC1 /* ParseTwitterUtils.framework */ = {isa = PBXFileReference; lastKnownFileType = wrapper.framework; path = ParseTwitterUtils.framework; sourceTree = "<group>"; };
		37A5F1601C00D28D00DE3DC1 /* ParseUI.framework */ = {isa = PBXFileReference; lastKnownFileType = wrapper.framework; path = ParseUI.framework; sourceTree = "<group>"; };
		37A5F1671C00D2BF00DE3DC1 /* AudioToolbox.framework */ = {isa = PBXFileReference; lastKnownFileType = wrapper.framework; name = AudioToolbox.framework; path = System/Library/Frameworks/AudioToolbox.framework; sourceTree = SDKROOT; };
		37A5F1691C00D2C800DE3DC1 /* CFNetwork.framework */ = {isa = PBXFileReference; lastKnownFileType = wrapper.framework; name = CFNetwork.framework; path = System/Library/Frameworks/CFNetwork.framework; sourceTree = SDKROOT; };
		37A5F16B1C00D2D800DE3DC1 /* CoreGraphics.framework */ = {isa = PBXFileReference; lastKnownFileType = wrapper.framework; name = CoreGraphics.framework; path = System/Library/Frameworks/CoreGraphics.framework; sourceTree = SDKROOT; };
		37A5F16D1C00D2E100DE3DC1 /* CoreLocation.framework */ = {isa = PBXFileReference; lastKnownFileType = wrapper.framework; name = CoreLocation.framework; path = System/Library/Frameworks/CoreLocation.framework; sourceTree = SDKROOT; };
		37A5F16F1C00D2EC00DE3DC1 /* QuartzCore.framework */ = {isa = PBXFileReference; lastKnownFileType = wrapper.framework; name = QuartzCore.framework; path = System/Library/Frameworks/QuartzCore.framework; sourceTree = SDKROOT; };
		37A5F1711C00D2F300DE3DC1 /* Security.framework */ = {isa = PBXFileReference; lastKnownFileType = wrapper.framework; name = Security.framework; path = System/Library/Frameworks/Security.framework; sourceTree = SDKROOT; };
		37A5F1731C00D2FA00DE3DC1 /* StoreKit.framework */ = {isa = PBXFileReference; lastKnownFileType = wrapper.framework; name = StoreKit.framework; path = System/Library/Frameworks/StoreKit.framework; sourceTree = SDKROOT; };
		37A5F1751C00D30200DE3DC1 /* SystemConfiguration.framework */ = {isa = PBXFileReference; lastKnownFileType = wrapper.framework; name = SystemConfiguration.framework; path = System/Library/Frameworks/SystemConfiguration.framework; sourceTree = SDKROOT; };
		37A5F1771C00D31700DE3DC1 /* Accounts.framework */ = {isa = PBXFileReference; lastKnownFileType = wrapper.framework; name = Accounts.framework; path = System/Library/Frameworks/Accounts.framework; sourceTree = SDKROOT; };
		37A5F1791C00D31F00DE3DC1 /* Social.framework */ = {isa = PBXFileReference; lastKnownFileType = wrapper.framework; name = Social.framework; path = System/Library/Frameworks/Social.framework; sourceTree = SDKROOT; };
		37A5F17B1C00D32800DE3DC1 /* libz.tbd */ = {isa = PBXFileReference; lastKnownFileType = "sourcecode.text-based-dylib-definition"; name = libz.tbd; path = usr/lib/libz.tbd; sourceTree = SDKROOT; };
		37A5F17D1C00D33100DE3DC1 /* libsqlite3.tbd */ = {isa = PBXFileReference; lastKnownFileType = "sourcecode.text-based-dylib-definition"; name = libsqlite3.tbd; path = usr/lib/libsqlite3.tbd; sourceTree = SDKROOT; };
		37A5F1821C00F7A600DE3DC1 /* UIImageExtensions.swift */ = {isa = PBXFileReference; fileEncoding = 4; lastKnownFileType = sourcecode.swift; path = UIImageExtensions.swift; sourceTree = "<group>"; };
		37A5F1851C01106F00DE3DC1 /* LatestAchievementsTVC.swift */ = {isa = PBXFileReference; fileEncoding = 4; lastKnownFileType = sourcecode.swift; path = LatestAchievementsTVC.swift; sourceTree = "<group>"; };
		37A5F1ED1C01501700DE3DC1 /* UIViewExtensions.swift */ = {isa = PBXFileReference; fileEncoding = 4; lastKnownFileType = sourcecode.swift; path = UIViewExtensions.swift; sourceTree = "<group>"; };
		37E971D61C023D900076800B /* Assets.xcassets */ = {isa = PBXFileReference; lastKnownFileType = folder.assetcatalog; path = Assets.xcassets; sourceTree = "<group>"; };
		37E971DA1C0245300076800B /* LoginVC.swift */ = {isa = PBXFileReference; fileEncoding = 4; lastKnownFileType = sourcecode.swift; path = LoginVC.swift; sourceTree = "<group>"; };
		37F1B98B1C0BB62600B242E9 /* Common.swift */ = {isa = PBXFileReference; fileEncoding = 4; lastKnownFileType = sourcecode.swift; path = Common.swift; sourceTree = "<group>"; };
		37F1B98E1C0BC46D00B242E9 /* ParseHandler.swift */ = {isa = PBXFileReference; fileEncoding = 4; lastKnownFileType = sourcecode.swift; path = ParseHandler.swift; sourceTree = "<group>"; };
/* End PBXFileReference section */

/* Begin PBXFrameworksBuildPhase section */
		37A5F1311C00D18B00DE3DC1 /* Frameworks */ = {
			isa = PBXFrameworksBuildPhase;
			buildActionMask = 2147483647;
			files = (
				37A5F17E1C00D33100DE3DC1 /* libsqlite3.tbd in Frameworks */,
				37A5F17C1C00D32800DE3DC1 /* libz.tbd in Frameworks */,
				37A5F17A1C00D31F00DE3DC1 /* Social.framework in Frameworks */,
				37A5F1781C00D31700DE3DC1 /* Accounts.framework in Frameworks */,
				37A5F1761C00D30200DE3DC1 /* SystemConfiguration.framework in Frameworks */,
				37A5F1741C00D2FA00DE3DC1 /* StoreKit.framework in Frameworks */,
				37A5F1721C00D2F300DE3DC1 /* Security.framework in Frameworks */,
				37A5F1701C00D2EC00DE3DC1 /* QuartzCore.framework in Frameworks */,
				37A5F16E1C00D2E100DE3DC1 /* CoreLocation.framework in Frameworks */,
				37A5F16C1C00D2D800DE3DC1 /* CoreGraphics.framework in Frameworks */,
				37A5F16A1C00D2C800DE3DC1 /* CFNetwork.framework in Frameworks */,
				371E08501C06B89600452F40 /* AlamofireImage.framework in Frameworks */,
				371E084E1C06B89600452F40 /* Alamofire.framework in Frameworks */,
				37A5F1681C00D2BF00DE3DC1 /* AudioToolbox.framework in Frameworks */,
				37A5F1661C00D28D00DE3DC1 /* ParseUI.framework in Frameworks */,
				37A5F1621C00D28D00DE3DC1 /* Parse.framework in Frameworks */,
				37A5F1611C00D28D00DE3DC1 /* Bolts.framework in Frameworks */,
				37A5F1641C00D28D00DE3DC1 /* ParseFacebookUtilsV4.framework in Frameworks */,
				37A5F1631C00D28D00DE3DC1 /* ParseFacebookUtils.framework in Frameworks */,
				37A5F1651C00D28D00DE3DC1 /* ParseTwitterUtils.framework in Frameworks */,
			);
			runOnlyForDeploymentPostprocessing = 0;
		};
/* End PBXFrameworksBuildPhase section */

/* Begin PBXGroup section */
		37A5F12B1C00D18B00DE3DC1 = {
			isa = PBXGroup;
			children = (
				37A5F1361C00D18B00DE3DC1 /* Xchievements */,
				37A5F17F1C00D34B00DE3DC1 /* Frameworks */,
				37A5F1351C00D18B00DE3DC1 /* Products */,
			);
			sourceTree = "<group>";
		};
		37A5F1351C00D18B00DE3DC1 /* Products */ = {
			isa = PBXGroup;
			children = (
				37A5F1341C00D18B00DE3DC1 /* xchievements.app */,
			);
			name = Products;
			sourceTree = "<group>";
		};
		37A5F1361C00D18B00DE3DC1 /* Xchievements */ = {
			isa = PBXGroup;
			children = (
				37A5F14B1C00D1DE00DE3DC1 /* Controllers */,
				37A5F14C1C00D1E600DE3DC1 /* Storyboards */,
				37A5F1891C011B5900DE3DC1 /* TableViewCells */,
				37F1B98D1C0BB63200B242E9 /* Common */,
				37A5F1841C00F7EA00DE3DC1 /* Extensions */,
				37A5F14D1C00D24900DE3DC1 /* Libs */,
				37A5F1491C00D1CD00DE3DC1 /* SupportingFiles */,
			);
			name = Xchievements;
			path = xchievements;
			sourceTree = "<group>";
		};
		37A5F1491C00D1CD00DE3DC1 /* SupportingFiles */ = {
			isa = PBXGroup;
			children = (
				37E971D61C023D900076800B /* Assets.xcassets */,
				37A5F1371C00D18B00DE3DC1 /* AppDelegate.swift */,
				37A5F1401C00D18C00DE3DC1 /* LaunchScreen.storyboard */,
				37A5F1431C00D18C00DE3DC1 /* Info.plist */,
			);
			name = SupportingFiles;
			sourceTree = "<group>";
		};
		37A5F14B1C00D1DE00DE3DC1 /* Controllers */ = {
			isa = PBXGroup;
			children = (
				37A5F1851C01106F00DE3DC1 /* LatestAchievementsTVC.swift */,
				37E971DA1C0245300076800B /* LoginVC.swift */,
				3753E5921C028CA000931FFF /* GameInfoVC.swift */,
				372AF4291C04E1A500A1148B /* RegisterVC.swift */,
				374F9C671C076D40007B9553 /* ParentGameVC.swift */,
				374F9C691C077481007B9553 /* AchievementsVC.swift */,
			);
			name = Controllers;
			sourceTree = "<group>";
		};
		37A5F14C1C00D1E600DE3DC1 /* Storyboards */ = {
			isa = PBXGroup;
			children = (
				37A5F13B1C00D18C00DE3DC1 /* Main.storyboard */,
			);
			name = Storyboards;
			sourceTree = "<group>";
		};
		37A5F14D1C00D24900DE3DC1 /* Libs */ = {
			isa = PBXGroup;
			children = (
				37A5F14E1C00D25D00DE3DC1 /* Parse */,
			);
			name = Libs;
			sourceTree = "<group>";
		};
		37A5F14E1C00D25D00DE3DC1 /* Parse */ = {
			isa = PBXGroup;
			children = (
				37A5F15B1C00D28D00DE3DC1 /* Bolts.framework */,
				37A5F15C1C00D28D00DE3DC1 /* Parse.framework */,
				37A5F15D1C00D28D00DE3DC1 /* ParseFacebookUtils.framework */,
				37A5F15E1C00D28D00DE3DC1 /* ParseFacebookUtilsV4.framework */,
				37A5F15F1C00D28D00DE3DC1 /* ParseTwitterUtils.framework */,
				37A5F1601C00D28D00DE3DC1 /* ParseUI.framework */,
			);
			name = Parse;
			sourceTree = "<group>";
		};
		37A5F17F1C00D34B00DE3DC1 /* Frameworks */ = {
			isa = PBXGroup;
			children = (
				371E084A1C06B51700452F40 /* Alamofire.framework */,
				371E084B1C06B51700452F40 /* AlamofireImage.framework */,
				37A5F17D1C00D33100DE3DC1 /* libsqlite3.tbd */,
				37A5F17B1C00D32800DE3DC1 /* libz.tbd */,
				37A5F1791C00D31F00DE3DC1 /* Social.framework */,
				37A5F1771C00D31700DE3DC1 /* Accounts.framework */,
				37A5F1751C00D30200DE3DC1 /* SystemConfiguration.framework */,
				37A5F1731C00D2FA00DE3DC1 /* StoreKit.framework */,
				37A5F1711C00D2F300DE3DC1 /* Security.framework */,
				37A5F16F1C00D2EC00DE3DC1 /* QuartzCore.framework */,
				37A5F16D1C00D2E100DE3DC1 /* CoreLocation.framework */,
				37A5F16B1C00D2D800DE3DC1 /* CoreGraphics.framework */,
				37A5F1691C00D2C800DE3DC1 /* CFNetwork.framework */,
				37A5F1671C00D2BF00DE3DC1 /* AudioToolbox.framework */,
			);
			name = Frameworks;
			sourceTree = "<group>";
		};
		37A5F1841C00F7EA00DE3DC1 /* Extensions */ = {
			isa = PBXGroup;
			children = (
				37A5F1821C00F7A600DE3DC1 /* UIImageExtensions.swift */,
				37A5F1ED1C01501700DE3DC1 /* UIViewExtensions.swift */,
				37983D9E1C06907900AD780F /* UIColorExtensions.swift */,
			);
			name = Extensions;
			sourceTree = "<group>";
		};
		37A5F1891C011B5900DE3DC1 /* TableViewCells */ = {
			isa = PBXGroup;
			children = (
				3753E5941C02ABA100931FFF /* GameInfoTVCC.swift */,
				37846AC51C0EA8B0003916C8 /* GameTVCC.swift */,
			);
			name = TableViewCells;
			sourceTree = "<group>";
		};
		37F1B98D1C0BB63200B242E9 /* Common */ = {
			isa = PBXGroup;
			children = (
				37F1B98B1C0BB62600B242E9 /* Common.swift */,
				37F1B98E1C0BC46D00B242E9 /* ParseHandler.swift */,
			);
			name = Common;
			sourceTree = "<group>";
		};
/* End PBXGroup section */

/* Begin PBXNativeTarget section */
		37A5F1331C00D18B00DE3DC1 /* xchievements */ = {
			isa = PBXNativeTarget;
			buildConfigurationList = 37A5F1461C00D18C00DE3DC1 /* Build configuration list for PBXNativeTarget "xchievements" */;
			buildPhases = (
				37A5F1301C00D18B00DE3DC1 /* Sources */,
				37A5F1311C00D18B00DE3DC1 /* Frameworks */,
				37A5F1321C00D18B00DE3DC1 /* Resources */,
				371E08491C06B48000452F40 /* Run Script */,
				371E08521C06B89600452F40 /* Embed Frameworks */,
			);
			buildRules = (
			);
			dependencies = (
			);
			name = xchievements;
			productName = xchievements;
			productReference = 37A5F1341C00D18B00DE3DC1 /* xchievements.app */;
			productType = "com.apple.product-type.application";
		};
/* End PBXNativeTarget section */

/* Begin PBXProject section */
		37A5F12C1C00D18B00DE3DC1 /* Project object */ = {
			isa = PBXProject;
			attributes = {
				LastSwiftUpdateCheck = 0710;
				LastUpgradeCheck = 0710;
				ORGANIZATIONNAME = "Christian Soler";
				TargetAttributes = {
					37A5F1331C00D18B00DE3DC1 = {
						CreatedOnToolsVersion = 7.1.1;
						DevelopmentTeam = L6R38B2DY5;
					};
				};
			};
			buildConfigurationList = 37A5F12F1C00D18B00DE3DC1 /* Build configuration list for PBXProject "xchievements" */;
			compatibilityVersion = "Xcode 3.2";
			developmentRegion = English;
			hasScannedForEncodings = 0;
			knownRegions = (
				en,
				Base,
			);
			mainGroup = 37A5F12B1C00D18B00DE3DC1;
			productRefGroup = 37A5F1351C00D18B00DE3DC1 /* Products */;
			projectDirPath = "";
			projectRoot = "";
			targets = (
				37A5F1331C00D18B00DE3DC1 /* xchievements */,
			);
		};
/* End PBXProject section */

/* Begin PBXResourcesBuildPhase section */
		37A5F1321C00D18B00DE3DC1 /* Resources */ = {
			isa = PBXResourcesBuildPhase;
			buildActionMask = 2147483647;
			files = (
				37A5F1421C00D18C00DE3DC1 /* LaunchScreen.storyboard in Resources */,
				37E971D71C023D900076800B /* Assets.xcassets in Resources */,
				37A5F13D1C00D18C00DE3DC1 /* Main.storyboard in Resources */,
			);
			runOnlyForDeploymentPostprocessing = 0;
		};
/* End PBXResourcesBuildPhase section */

/* Begin PBXShellScriptBuildPhase section */
		371E08491C06B48000452F40 /* Run Script */ = {
			isa = PBXShellScriptBuildPhase;
			buildActionMask = 8;
			files = (
			);
			inputPaths = (
				"$(SRCROOT)/Carthage/Build/iOS/Alamofire.framework",
				"$(SRCROOT)/Carthage/Build/iOS/AlamofireImage.framework",
			);
			name = "Run Script";
			outputPaths = (
			);
			runOnlyForDeploymentPostprocessing = 1;
			shellPath = /bin/sh;
			shellScript = "/usr/local/bin/carthage copy-frameworks";
		};
/* End PBXShellScriptBuildPhase section */

/* Begin PBXSourcesBuildPhase section */
		37A5F1301C00D18B00DE3DC1 /* Sources */ = {
			isa = PBXSourcesBuildPhase;
			buildActionMask = 2147483647;
			files = (
				374F9C681C076D40007B9553 /* ParentGameVC.swift in Sources */,
				37846AC61C0EA8B0003916C8 /* GameTVCC.swift in Sources */,
				37983D9F1C06907900AD780F /* UIColorExtensions.swift in Sources */,
				3753E5951C02ABA100931FFF /* GameInfoTVCC.swift in Sources */,
				372AF42A1C04E1A500A1148B /* RegisterVC.swift in Sources */,
				37F1B98C1C0BB62600B242E9 /* Common.swift in Sources */,
				37F1B98F1C0BC46D00B242E9 /* ParseHandler.swift in Sources */,
				37A5F1861C01106F00DE3DC1 /* LatestAchievementsTVC.swift in Sources */,
				3753E5931C028CA000931FFF /* GameInfoVC.swift in Sources */,
				37E971DB1C0245300076800B /* LoginVC.swift in Sources */,
				37A5F1831C00F7A600DE3DC1 /* UIImageExtensions.swift in Sources */,
				374F9C6A1C077481007B9553 /* AchievementsVC.swift in Sources */,
				37A5F1EE1C01501700DE3DC1 /* UIViewExtensions.swift in Sources */,
				37A5F1381C00D18C00DE3DC1 /* AppDelegate.swift in Sources */,
			);
			runOnlyForDeploymentPostprocessing = 0;
		};
/* End PBXSourcesBuildPhase section */

/* Begin PBXVariantGroup section */
		37A5F13B1C00D18C00DE3DC1 /* Main.storyboard */ = {
			isa = PBXVariantGroup;
			children = (
				37A5F13C1C00D18C00DE3DC1 /* Base */,
			);
			name = Main.storyboard;
			sourceTree = "<group>";
		};
		37A5F1401C00D18C00DE3DC1 /* LaunchScreen.storyboard */ = {
			isa = PBXVariantGroup;
			children = (
				37A5F1411C00D18C00DE3DC1 /* Base */,
			);
			name = LaunchScreen.storyboard;
			sourceTree = "<group>";
		};
/* End PBXVariantGroup section */

/* Begin XCBuildConfiguration section */
		37A5F1441C00D18C00DE3DC1 /* Debug */ = {
			isa = XCBuildConfiguration;
			buildSettings = {
				ALWAYS_SEARCH_USER_PATHS = NO;
				CLANG_CXX_LANGUAGE_STANDARD = "gnu++0x";
				CLANG_CXX_LIBRARY = "libc++";
				CLANG_ENABLE_MODULES = YES;
				CLANG_ENABLE_OBJC_ARC = YES;
				CLANG_WARN_BOOL_CONVERSION = YES;
				CLANG_WARN_CONSTANT_CONVERSION = YES;
				CLANG_WARN_DIRECT_OBJC_ISA_USAGE = YES_ERROR;
				CLANG_WARN_EMPTY_BODY = YES;
				CLANG_WARN_ENUM_CONVERSION = YES;
				CLANG_WARN_INT_CONVERSION = YES;
				CLANG_WARN_OBJC_ROOT_CLASS = YES_ERROR;
				CLANG_WARN_UNREACHABLE_CODE = YES;
				CLANG_WARN__DUPLICATE_METHOD_MATCH = YES;
				"CODE_SIGN_IDENTITY[sdk=iphoneos*]" = "iPhone Developer";
				COPY_PHASE_STRIP = NO;
				DEBUG_INFORMATION_FORMAT = dwarf;
				ENABLE_STRICT_OBJC_MSGSEND = YES;
				ENABLE_TESTABILITY = YES;
				GCC_C_LANGUAGE_STANDARD = gnu99;
				GCC_DYNAMIC_NO_PIC = NO;
				GCC_NO_COMMON_BLOCKS = YES;
				GCC_OPTIMIZATION_LEVEL = 0;
				GCC_PREPROCESSOR_DEFINITIONS = (
					"DEBUG=1",
					"$(inherited)",
				);
				GCC_WARN_64_TO_32_BIT_CONVERSION = YES;
				GCC_WARN_ABOUT_RETURN_TYPE = YES_ERROR;
				GCC_WARN_UNDECLARED_SELECTOR = YES;
				GCC_WARN_UNINITIALIZED_AUTOS = YES_AGGRESSIVE;
				GCC_WARN_UNUSED_FUNCTION = YES;
				GCC_WARN_UNUSED_VARIABLE = YES;
				IPHONEOS_DEPLOYMENT_TARGET = 9.1;
				MTL_ENABLE_DEBUG_INFO = YES;
				ONLY_ACTIVE_ARCH = YES;
				SDKROOT = iphoneos;
				SWIFT_OPTIMIZATION_LEVEL = "-Onone";
				TARGETED_DEVICE_FAMILY = "1,2";
			};
			name = Debug;
		};
		37A5F1451C00D18C00DE3DC1 /* Release */ = {
			isa = XCBuildConfiguration;
			buildSettings = {
				ALWAYS_SEARCH_USER_PATHS = NO;
				CLANG_CXX_LANGUAGE_STANDARD = "gnu++0x";
				CLANG_CXX_LIBRARY = "libc++";
				CLANG_ENABLE_MODULES = YES;
				CLANG_ENABLE_OBJC_ARC = YES;
				CLANG_WARN_BOOL_CONVERSION = YES;
				CLANG_WARN_CONSTANT_CONVERSION = YES;
				CLANG_WARN_DIRECT_OBJC_ISA_USAGE = YES_ERROR;
				CLANG_WARN_EMPTY_BODY = YES;
				CLANG_WARN_ENUM_CONVERSION = YES;
				CLANG_WARN_INT_CONVERSION = YES;
				CLANG_WARN_OBJC_ROOT_CLASS = YES_ERROR;
				CLANG_WARN_UNREACHABLE_CODE = YES;
				CLANG_WARN__DUPLICATE_METHOD_MATCH = YES;
				"CODE_SIGN_IDENTITY[sdk=iphoneos*]" = "iPhone Developer";
				COPY_PHASE_STRIP = NO;
				DEBUG_INFORMATION_FORMAT = "dwarf-with-dsym";
				ENABLE_NS_ASSERTIONS = NO;
				ENABLE_STRICT_OBJC_MSGSEND = YES;
				GCC_C_LANGUAGE_STANDARD = gnu99;
				GCC_NO_COMMON_BLOCKS = YES;
				GCC_WARN_64_TO_32_BIT_CONVERSION = YES;
				GCC_WARN_ABOUT_RETURN_TYPE = YES_ERROR;
				GCC_WARN_UNDECLARED_SELECTOR = YES;
				GCC_WARN_UNINITIALIZED_AUTOS = YES_AGGRESSIVE;
				GCC_WARN_UNUSED_FUNCTION = YES;
				GCC_WARN_UNUSED_VARIABLE = YES;
				IPHONEOS_DEPLOYMENT_TARGET = 9.1;
				MTL_ENABLE_DEBUG_INFO = NO;
				SDKROOT = iphoneos;
				TARGETED_DEVICE_FAMILY = "1,2";
				VALIDATE_PRODUCT = YES;
			};
			name = Release;
		};
		37A5F1471C00D18C00DE3DC1 /* Debug */ = {
			isa = XCBuildConfiguration;
			buildSettings = {
				ASSETCATALOG_COMPILER_APPICON_NAME = AppIcon;
				CODE_SIGN_IDENTITY = "iPhone Developer";
				"CODE_SIGN_IDENTITY[sdk=iphoneos*]" = "iPhone Developer";
				FRAMEWORK_SEARCH_PATHS = (
					"$(inherited)",
					"$(PROJECT_DIR)/xchievements",
					"$(PROJECT_DIR)/xchievements/Carthage/Build/iOS",
				);
				INFOPLIST_FILE = xchievements/Info.plist;
				LD_RUNPATH_SEARCH_PATHS = "$(inherited) @executable_path/Frameworks";
				PRODUCT_BUNDLE_IDENTIFIER = com.iamrelos.xchievements;
				PRODUCT_NAME = "$(TARGET_NAME)";
				PROVISIONING_PROFILE = "";
			};
			name = Debug;
		};
		37A5F1481C00D18C00DE3DC1 /* Release */ = {
			isa = XCBuildConfiguration;
			buildSettings = {
				ASSETCATALOG_COMPILER_APPICON_NAME = AppIcon;
				CODE_SIGN_IDENTITY = "iPhone Developer";
				"CODE_SIGN_IDENTITY[sdk=iphoneos*]" = "iPhone Developer";
				FRAMEWORK_SEARCH_PATHS = (
					"$(inherited)",
					"$(PROJECT_DIR)/xchievements",
					"$(PROJECT_DIR)/xchievements/Carthage/Build/iOS",
				);
				INFOPLIST_FILE = xchievements/Info.plist;
				LD_RUNPATH_SEARCH_PATHS = "$(inherited) @executable_path/Frameworks";
				PRODUCT_BUNDLE_IDENTIFIER = com.iamrelos.xchievements;
				PRODUCT_NAME = "$(TARGET_NAME)";
				PROVISIONING_PROFILE = "";
			};
			name = Release;
		};
/* End XCBuildConfiguration section */

/* Begin XCConfigurationList section */
		37A5F12F1C00D18B00DE3DC1 /* Build configuration list for PBXProject "xchievements" */ = {
			isa = XCConfigurationList;
			buildConfigurations = (
				37A5F1441C00D18C00DE3DC1 /* Debug */,
				37A5F1451C00D18C00DE3DC1 /* Release */,
			);
			defaultConfigurationIsVisible = 0;
			defaultConfigurationName = Release;
		};
		37A5F1461C00D18C00DE3DC1 /* Build configuration list for PBXNativeTarget "xchievements" */ = {
			isa = XCConfigurationList;
			buildConfigurations = (
				37A5F1471C00D18C00DE3DC1 /* Debug */,
				37A5F1481C00D18C00DE3DC1 /* Release */,
			);
			defaultConfigurationIsVisible = 0;
			defaultConfigurationName = Release;
		};
/* End XCConfigurationList section */
	};
	rootObject = 37A5F12C1C00D18B00DE3DC1 /* Project object */;
}
