// !$*UTF8*$!
{
	archiveVersion = 1;
	classes = {
	};
	objectVersion = 46;
	objects = {

/* Begin PBXBuildFile section */
		37A5F1381C00D18C00DE3DC1 /* AppDelegate.swift in Sources */ = {isa = PBXBuildFile; fileRef = 37A5F1371C00D18B00DE3DC1 /* AppDelegate.swift */; };
		37A5F13A1C00D18C00DE3DC1 /* ViewController.swift in Sources */ = {isa = PBXBuildFile; fileRef = 37A5F1391C00D18C00DE3DC1 /* ViewController.swift */; };
		37A5F13D1C00D18C00DE3DC1 /* Main.storyboard in Resources */ = {isa = PBXBuildFile; fileRef = 37A5F13B1C00D18C00DE3DC1 /* Main.storyboard */; };
		37A5F13F1C00D18C00DE3DC1 /* Assets.xcassets in Resources */ = {isa = PBXBuildFile; fileRef = 37A5F13E1C00D18C00DE3DC1 /* Assets.xcassets */; };
		37A5F1421C00D18C00DE3DC1 /* LaunchScreen.storyboard in Resources */ = {isa = PBXBuildFile; fileRef = 37A5F1401C00D18C00DE3DC1 /* LaunchScreen.storyboard */; };
/* End PBXBuildFile section */

/* Begin PBXFileReference section */
		37A5F1341C00D18B00DE3DC1 /* xchievements.app */ = {isa = PBXFileReference; explicitFileType = wrapper.application; includeInIndex = 0; path = xchievements.app; sourceTree = BUILT_PRODUCTS_DIR; };
		37A5F1371C00D18B00DE3DC1 /* AppDelegate.swift */ = {isa = PBXFileReference; lastKnownFileType = sourcecode.swift; path = AppDelegate.swift; sourceTree = "<group>"; };
		37A5F1391C00D18C00DE3DC1 /* ViewController.swift */ = {isa = PBXFileReference; lastKnownFileType = sourcecode.swift; path = ViewController.swift; sourceTree = "<group>"; };
		37A5F13C1C00D18C00DE3DC1 /* Base */ = {isa = PBXFileReference; lastKnownFileType = file.storyboard; name = Base; path = Base.lproj/Main.storyboard; sourceTree = "<group>"; };
		37A5F13E1C00D18C00DE3DC1 /* Assets.xcassets */ = {isa = PBXFileReference; lastKnownFileType = folder.assetcatalog; path = Assets.xcassets; sourceTree = "<group>"; };
		37A5F1411C00D18C00DE3DC1 /* Base */ = {isa = PBXFileReference; lastKnownFileType = file.storyboard; name = Base; path = Base.lproj/LaunchScreen.storyboard; sourceTree = "<group>"; };
		37A5F1431C00D18C00DE3DC1 /* Info.plist */ = {isa = PBXFileReference; lastKnownFileType = text.plist.xml; path = Info.plist; sourceTree = "<group>"; };
/* End PBXFileReference section */

/* Begin PBXFrameworksBuildPhase section */
		37A5F1311C00D18B00DE3DC1 /* Frameworks */ = {
			isa = PBXFrameworksBuildPhase;
			buildActionMask = 2147483647;
			files = (
			);
			runOnlyForDeploymentPostprocessing = 0;
		};
/* End PBXFrameworksBuildPhase section */

/* Begin PBXGroup section */
		37A5F12B1C00D18B00DE3DC1 = {
			isa = PBXGroup;
			children = (
				37A5F1361C00D18B00DE3DC1 /* xchievements */,
				37A5F1351C00D18B00DE3DC1 /* Products */,
			);
			sourceTree = "<group>";
		};
		37A5F1351C00D18B00DE3DC1 /* Products */ = {
			isa = PBXGroup;
			children = (
				37A5F1341C00D18B00DE3DC1 /* xchievements.app */,
			);
			name = Products;
			sourceTree = "<group>";
		};
		37A5F1361C00D18B00DE3DC1 /* xchievements */ = {
			isa = PBXGroup;
			children = (
				37A5F1371C00D18B00DE3DC1 /* AppDelegate.swift */,
				37A5F1391C00D18C00DE3DC1 /* ViewController.swift */,
				37A5F13B1C00D18C00DE3DC1 /* Main.storyboard */,
				37A5F13E1C00D18C00DE3DC1 /* Assets.xcassets */,
				37A5F1401C00D18C00DE3DC1 /* LaunchScreen.storyboard */,
				37A5F1431C00D18C00DE3DC1 /* Info.plist */,
			);
			path = xchievements;
			sourceTree = "<group>";
		};
/* End PBXGroup section */

/* Begin PBXNativeTarget section */
		37A5F1331C00D18B00DE3DC1 /* xchievements */ = {
			isa = PBXNativeTarget;
			buildConfigurationList = 37A5F1461C00D18C00DE3DC1 /* Build configuration list for PBXNativeTarget "xchievements" */;
			buildPhases = (
				37A5F1301C00D18B00DE3DC1 /* Sources */,
				37A5F1311C00D18B00DE3DC1 /* Frameworks */,
				37A5F1321C00D18B00DE3DC1 /* Resources */,
			);
			buildRules = (
			);
			dependencies = (
			);
			name = xchievements;
			productName = xchievements;
			productReference = 37A5F1341C00D18B00DE3DC1 /* xchievements.app */;
			productType = "com.apple.product-type.application";
		};
/* End PBXNativeTarget section */

/* Begin PBXProject section */
		37A5F12C1C00D18B00DE3DC1 /* Project object */ = {
			isa = PBXProject;
			attributes = {
				LastSwiftUpdateCheck = 0710;
				LastUpgradeCheck = 0710;
				ORGANIZATIONNAME = "Christian Soler";
				TargetAttributes = {
					37A5F1331C00D18B00DE3DC1 = {
						CreatedOnToolsVersion = 7.1.1;
					};
				};
			};
			buildConfigurationList = 37A5F12F1C00D18B00DE3DC1 /* Build configuration list for PBXProject "xchievements" */;
			compatibilityVersion = "Xcode 3.2";
			developmentRegion = English;
			hasScannedForEncodings = 0;
			knownRegions = (
				en,
				Base,
			);
			mainGroup = 37A5F12B1C00D18B00DE3DC1;
			productRefGroup = 37A5F1351C00D18B00DE3DC1 /* Products */;
			projectDirPath = "";
			projectRoot = "";
			targets = (
				37A5F1331C00D18B00DE3DC1 /* xchievements */,
			);
		};
/* End PBXProject section */

/* Begin PBXResourcesBuildPhase section */
		37A5F1321C00D18B00DE3DC1 /* Resources */ = {
			isa = PBXResourcesBuildPhase;
			buildActionMask = 2147483647;
			files = (
				37A5F1421C00D18C00DE3DC1 /* LaunchScreen.storyboard in Resources */,
				37A5F13F1C00D18C00DE3DC1 /* Assets.xcassets in Resources */,
				37A5F13D1C00D18C00DE3DC1 /* Main.storyboard in Resources */,
			);
			runOnlyForDeploymentPostprocessing = 0;
		};
/* End PBXResourcesBuildPhase section */

/* Begin PBXSourcesBuildPhase section */
		37A5F1301C00D18B00DE3DC1 /* Sources */ = {
			isa = PBXSourcesBuildPhase;
			buildActionMask = 2147483647;
			files = (
				37A5F13A1C00D18C00DE3DC1 /* ViewController.swift in Sources */,
				37A5F1381C00D18C00DE3DC1 /* AppDelegate.swift in Sources */,
			);
			runOnlyForDeploymentPostprocessing = 0;
		};
/* End PBXSourcesBuildPhase section */

/* Begin PBXVariantGroup section */
		37A5F13B1C00D18C00DE3DC1 /* Main.storyboard */ = {
			isa = PBXVariantGroup;
			children = (
				37A5F13C1C00D18C00DE3DC1 /* Base */,
			);
			name = Main.storyboard;
			sourceTree = "<group>";
		};
		37A5F1401C00D18C00DE3DC1 /* LaunchScreen.storyboard */ = {
			isa = PBXVariantGroup;
			children = (
				37A5F1411C00D18C00DE3DC1 /* Base */,
			);
			name = LaunchScreen.storyboard;
			sourceTree = "<group>";
		};
/* End PBXVariantGroup section */

/* Begin XCBuildConfiguration section */
		37A5F1441C00D18C00DE3DC1 /* Debug */ = {
			isa = XCBuildConfiguration;
			buildSettings = {
				ALWAYS_SEARCH_USER_PATHS = NO;
				CLANG_CXX_LANGUAGE_STANDARD = "gnu++0x";
				CLANG_CXX_LIBRARY = "libc++";
				CLANG_ENABLE_MODULES = YES;
				CLANG_ENABLE_OBJC_ARC = YES;
				CLANG_WARN_BOOL_CONVERSION = YES;
				CLANG_WARN_CONSTANT_CONVERSION = YES;
				CLANG_WARN_DIRECT_OBJC_ISA_USAGE = YES_ERROR;
				CLANG_WARN_EMPTY_BODY = YES;
				CLANG_WARN_ENUM_CONVERSION = YES;
				CLANG_WARN_INT_CONVERSION = YES;
				CLANG_WARN_OBJC_ROOT_CLASS = YES_ERROR;
				CLANG_WARN_UNREACHABLE_CODE = YES;
				CLANG_WARN__DUPLICATE_METHOD_MATCH = YES;
				"CODE_SIGN_IDENTITY[sdk=iphoneos*]" = "iPhone Developer";
				COPY_PHASE_STRIP = NO;
				DEBUG_INFORMATION_FORMAT = dwarf;
				ENABLE_STRICT_OBJC_MSGSEND = YES;
				ENABLE_TESTABILITY = YES;
				GCC_C_LANGUAGE_STANDARD = gnu99;
				GCC_DYNAMIC_NO_PIC = NO;
				GCC_NO_COMMON_BLOCKS = YES;
				GCC_OPTIMIZATION_LEVEL = 0;
				GCC_PREPROCESSOR_DEFINITIONS = (
					"DEBUG=1",
					"$(inherited)",
				);
				GCC_WARN_64_TO_32_BIT_CONVERSION = YES;
				GCC_WARN_ABOUT_RETURN_TYPE = YES_ERROR;
				GCC_WARN_UNDECLARED_SELECTOR = YES;
				GCC_WARN_UNINITIALIZED_AUTOS = YES_AGGRESSIVE;
				GCC_WARN_UNUSED_FUNCTION = YES;
				GCC_WARN_UNUSED_VARIABLE = YES;
				IPHONEOS_DEPLOYMENT_TARGET = 9.1;
				MTL_ENABLE_DEBUG_INFO = YES;
				ONLY_ACTIVE_ARCH = YES;
				SDKROOT = iphoneos;
				SWIFT_OPTIMIZATION_LEVEL = "-Onone";
				TARGETED_DEVICE_FAMILY = "1,2";
			};
			name = Debug;
		};
		37A5F1451C00D18C00DE3DC1 /* Release */ = {
			isa = XCBuildConfiguration;
			buildSettings = {
				ALWAYS_SEARCH_USER_PATHS = NO;
				CLANG_CXX_LANGUAGE_STANDARD = "gnu++0x";
				CLANG_CXX_LIBRARY = "libc++";
				CLANG_ENABLE_MODULES = YES;
				CLANG_ENABLE_OBJC_ARC = YES;
				CLANG_WARN_BOOL_CONVERSION = YES;
				CLANG_WARN_CONSTANT_CONVERSION = YES;
				CLANG_WARN_DIRECT_OBJC_ISA_USAGE = YES_ERROR;
				CLANG_WARN_EMPTY_BODY = YES;
				CLANG_WARN_ENUM_CONVERSION = YES;
				CLANG_WARN_INT_CONVERSION = YES;
				CLANG_WARN_OBJC_ROOT_CLASS = YES_ERROR;
				CLANG_WARN_UNREACHABLE_CODE = YES;
				CLANG_WARN__DUPLICATE_METHOD_MATCH = YES;
				"CODE_SIGN_IDENTITY[sdk=iphoneos*]" = "iPhone Developer";
				COPY_PHASE_STRIP = NO;
				DEBUG_INFORMATION_FORMAT = "dwarf-with-dsym";
				ENABLE_NS_ASSERTIONS = NO;
				ENABLE_STRICT_OBJC_MSGSEND = YES;
				GCC_C_LANGUAGE_STANDARD = gnu99;
				GCC_NO_COMMON_BLOCKS = YES;
				GCC_WARN_64_TO_32_BIT_CONVERSION = YES;
				GCC_WARN_ABOUT_RETURN_TYPE = YES_ERROR;
				GCC_WARN_UNDECLARED_SELECTOR = YES;
				GCC_WARN_UNINITIALIZED_AUTOS = YES_AGGRESSIVE;
				GCC_WARN_UNUSED_FUNCTION = YES;
				GCC_WARN_UNUSED_VARIABLE = YES;
				IPHONEOS_DEPLOYMENT_TARGET = 9.1;
				MTL_ENABLE_DEBUG_INFO = NO;
				SDKROOT = iphoneos;
				TARGETED_DEVICE_FAMILY = "1,2";
				VALIDATE_PRODUCT = YES;
			};
			name = Release;
		};
		37A5F1471C00D18C00DE3DC1 /* Debug */ = {
			isa = XCBuildConfiguration;
			buildSettings = {
				ASSETCATALOG_COMPILER_APPICON_NAME = AppIcon;
				INFOPLIST_FILE = xchievements/Info.plist;
				LD_RUNPATH_SEARCH_PATHS = "$(inherited) @executable_path/Frameworks";
				PRODUCT_BUNDLE_IDENTIFIER = com.iamrelos.xchievements;
				PRODUCT_NAME = "$(TARGET_NAME)";
			};
			name = Debug;
		};
		37A5F1481C00D18C00DE3DC1 /* Release */ = {
			isa = XCBuildConfiguration;
			buildSettings = {
				ASSETCATALOG_COMPILER_APPICON_NAME = AppIcon;
				INFOPLIST_FILE = xchievements/Info.plist;
				LD_RUNPATH_SEARCH_PATHS = "$(inherited) @executable_path/Frameworks";
				PRODUCT_BUNDLE_IDENTIFIER = com.iamrelos.xchievements;
				PRODUCT_NAME = "$(TARGET_NAME)";
			};
			name = Release;
		};
/* End XCBuildConfiguration section */

/* Begin XCConfigurationList section */
		37A5F12F1C00D18B00DE3DC1 /* Build configuration list for PBXProject "xchievements" */ = {
			isa = XCConfigurationList;
			buildConfigurations = (
				37A5F1441C00D18C00DE3DC1 /* Debug */,
				37A5F1451C00D18C00DE3DC1 /* Release */,
			);
			defaultConfigurationIsVisible = 0;
			defaultConfigurationName = Release;
		};
		37A5F1461C00D18C00DE3DC1 /* Build configuration list for PBXNativeTarget "xchievements" */ = {
			isa = XCConfigurationList;
			buildConfigurations = (
				37A5F1471C00D18C00DE3DC1 /* Debug */,
				37A5F1481C00D18C00DE3DC1 /* Release */,
			);
			defaultConfigurationIsVisible = 0;
		};
/* End XCConfigurationList section */
	};
	rootObject = 37A5F12C1C00D18B00DE3DC1 /* Project object */;
}
